
Microsoft Visual Studio Solution File, Format Version 12.00
# Visual Studio Version 17
VisualStudioVersion = 17.4.33110.190
MinimumVisualStudioVersion = 10.0.40219.1
Project("{FAE04EC0-301F-11D3-BF4B-00C04F79EFBC}") = "App", "App\App.csproj", "{998E5DFC-204E-404F-9BF4-232360363715}"
EndProject
Project("{FAE04EC0-301F-11D3-BF4B-00C04F79EFBC}") = "DomainLayer", "DomainLayer\DomainLayer.csproj", "{A02D1A6B-3216-4BD6-A4DF-AD8974DC6A79}"
EndProject
Project("{FAE04EC0-301F-11D3-BF4B-00C04F79EFBC}") = "RepositoryLayer", "RepositoryLayer\RepositoryLayer.csproj", "{D14F8D9F-75AB-4066-847D-31EF56D39040}"
EndProject
Global
	GlobalSection(SolutionConfigurationPlatforms) = preSolution
		Debug|Any CPU = Debug|Any CPU
		Release|Any CPU = Release|Any CPU
	EndGlobalSection
	GlobalSection(ProjectConfigurationPlatforms) = postSolution
		{998E5DFC-204E-404F-9BF4-232360363715}.Debug|Any CPU.ActiveCfg = Debug|Any CPU
		{998E5DFC-204E-404F-9BF4-232360363715}.Debug|Any CPU.Build.0 = Debug|Any CPU
		{998E5DFC-204E-404F-9BF4-232360363715}.Release|Any CPU.ActiveCfg = Release|Any CPU
		{998E5DFC-204E-404F-9BF4-232360363715}.Release|Any CPU.Build.0 = Release|Any CPU
		{A02D1A6B-3216-4BD6-A4DF-AD8974DC6A79}.Debug|Any CPU.ActiveCfg = Debug|Any CPU
		{A02D1A6B-3216-4BD6-A4DF-AD8974DC6A79}.Debug|Any CPU.Build.0 = Debug|Any CPU
		{A02D1A6B-3216-4BD6-A4DF-AD8974DC6A79}.Release|Any CPU.ActiveCfg = Release|Any CPU
		{A02D1A6B-3216-4BD6-A4DF-AD8974DC6A79}.Release|Any CPU.Build.0 = Release|Any CPU
		{D14F8D9F-75AB-4066-847D-31EF56D39040}.Debug|Any CPU.ActiveCfg = Debug|Any CPU
		{D14F8D9F-75AB-4066-847D-31EF56D39040}.Debug|Any CPU.Build.0 = Debug|Any CPU
		{D14F8D9F-75AB-4066-847D-31EF56D39040}.Release|Any CPU.ActiveCfg = Release|Any CPU
		{D14F8D9F-75AB-4066-847D-31EF56D39040}.Release|Any CPU.Build.0 = Release|Any CPU
	EndGlobalSection
	GlobalSection(SolutionProperties) = preSolution
		HideSolutionNode = FALSE
	EndGlobalSection
	GlobalSection(ExtensibilityGlobals) = postSolution
		SolutionGuid = {2FC87364-31BC-4556-93FC-CFFD6E89DFBC}
	EndGlobalSection
EndGlobal
